{
  "name": "motivational_quotes_tanisha",
  "version": "1.0.0",
  "lockfileVersion": 3,
  "requires": true,
  "packages": {
    "": {
      "name": "motivational_quotes_tanisha",
      "version": "1.0.0",
      "license": "ISC",
      "dependencies": {
        "motivational_quotes_tanisha": "^1.0.0"
      }
    },
    "node_modules/motivational_quotes_tanisha": {
      "version": "1.0.0",
      "resolved": "https://registry.npmjs.org/motivational_quotes_tanisha/-/motivational_quotes_tanisha-1.0.0.tgz",
      "integrity": "sha512-JEnSrdUnOmB2/Py1gbG/DZbvllkQl2EKhKzXK9qnngWfmoxQ7URPhaN0rG94jaYqnff/wd0GYQxxPGtKX4CxSw=="
    }
  }
}
